// !$*UTF8*$!
{
	archiveVersion = 1;
	classes = {
	};
	objectVersion = 50;
	objects = {

/* Begin PBXBuildFile section */
		9732FDD52231F94700343B1A /* AppDelegate.swift in Sources */ = {isa = PBXBuildFile; fileRef = 9732FDD42231F94700343B1A /* AppDelegate.swift */; };
		9732FDD72231F94700343B1A /* ViewController.swift in Sources */ = {isa = PBXBuildFile; fileRef = 9732FDD62231F94700343B1A /* ViewController.swift */; };
		9732FDDA2231F94700343B1A /* Main.storyboard in Resources */ = {isa = PBXBuildFile; fileRef = 9732FDD82231F94700343B1A /* Main.storyboard */; };
		9732FDDC2231F94800343B1A /* Assets.xcassets in Resources */ = {isa = PBXBuildFile; fileRef = 9732FDDB2231F94800343B1A /* Assets.xcassets */; };
		9732FDDF2231F94800343B1A /* LaunchScreen.storyboard in Resources */ = {isa = PBXBuildFile; fileRef = 9732FDDD2231F94800343B1A /* LaunchScreen.storyboard */; };
		9732FDE72231FE5900343B1A /* ViewController1.swift in Sources */ = {isa = PBXBuildFile; fileRef = 9732FDE62231FE5900343B1A /* ViewController1.swift */; };
		9732FDE92232026600343B1A /* ViewController2.swift in Sources */ = {isa = PBXBuildFile; fileRef = 9732FDE82232026600343B1A /* ViewController2.swift */; };
		973E4D2A2232543E00CA775D /* ViewController3.swift in Sources */ = {isa = PBXBuildFile; fileRef = 973E4D292232543E00CA775D /* ViewController3.swift */; };
		97792C2C22390E55001470B3 /* ViewController5.swift in Sources */ = {isa = PBXBuildFile; fileRef = 97792C2B22390E55001470B3 /* ViewController5.swift */; };
		97AA3C1C22389B660008FDE3 /* ViewController4.swift in Sources */ = {isa = PBXBuildFile; fileRef = 97AA3C1B22389B660008FDE3 /* ViewController4.swift */; };
/* End PBXBuildFile section */

/* Begin PBXFileReference section */
		9732FDD12231F94700343B1A /* NSCacheImgae.app */ = {isa = PBXFileReference; explicitFileType = wrapper.application; includeInIndex = 0; path = NSCacheImgae.app; sourceTree = BUILT_PRODUCTS_DIR; };
		9732FDD42231F94700343B1A /* AppDelegate.swift */ = {isa = PBXFileReference; lastKnownFileType = sourcecode.swift; path = AppDelegate.swift; sourceTree = "<group>"; };
		9732FDD62231F94700343B1A /* ViewController.swift */ = {isa = PBXFileReference; lastKnownFileType = sourcecode.swift; path = ViewController.swift; sourceTree = "<group>"; };
		9732FDD92231F94700343B1A /* Base */ = {isa = PBXFileReference; lastKnownFileType = file.storyboard; name = Base; path = Base.lproj/Main.storyboard; sourceTree = "<group>"; };
		9732FDDB2231F94800343B1A /* Assets.xcassets */ = {isa = PBXFileReference; lastKnownFileType = folder.assetcatalog; path = Assets.xcassets; sourceTree = "<group>"; };
		9732FDDE2231F94800343B1A /* Base */ = {isa = PBXFileReference; lastKnownFileType = file.storyboard; name = Base; path = Base.lproj/LaunchScreen.storyboard; sourceTree = "<group>"; };
		9732FDE02231F94800343B1A /* Info.plist */ = {isa = PBXFileReference; lastKnownFileType = text.plist.xml; path = Info.plist; sourceTree = "<group>"; };
		9732FDE62231FE5900343B1A /* ViewController1.swift */ = {isa = PBXFileReference; lastKnownFileType = sourcecode.swift; path = ViewController1.swift; sourceTree = "<group>"; };
		9732FDE82232026600343B1A /* ViewController2.swift */ = {isa = PBXFileReference; lastKnownFileType = sourcecode.swift; path = ViewController2.swift; sourceTree = "<group>"; };
		973E4D292232543E00CA775D /* ViewController3.swift */ = {isa = PBXFileReference; lastKnownFileType = sourcecode.swift; path = ViewController3.swift; sourceTree = "<group>"; };
		97792C2B22390E55001470B3 /* ViewController5.swift */ = {isa = PBXFileReference; lastKnownFileType = sourcecode.swift; path = ViewController5.swift; sourceTree = "<group>"; };
		97AA3C1B22389B660008FDE3 /* ViewController4.swift */ = {isa = PBXFileReference; lastKnownFileType = sourcecode.swift; path = ViewController4.swift; sourceTree = "<group>"; };
/* End PBXFileReference section */

/* Begin PBXFrameworksBuildPhase section */
		9732FDCE2231F94700343B1A /* Frameworks */ = {
			isa = PBXFrameworksBuildPhase;
			buildActionMask = 2147483647;
			files = (
			);
			runOnlyForDeploymentPostprocessing = 0;
		};
/* End PBXFrameworksBuildPhase section */

/* Begin PBXGroup section */
		9732FDC82231F94700343B1A = {
			isa = PBXGroup;
			children = (
				9732FDD32231F94700343B1A /* NSCacheImgae */,
				9732FDD22231F94700343B1A /* Products */,
			);
			sourceTree = "<group>";
		};
		9732FDD22231F94700343B1A /* Products */ = {
			isa = PBXGroup;
			children = (
				9732FDD12231F94700343B1A /* NSCacheImgae.app */,
			);
			name = Products;
			sourceTree = "<group>";
		};
		9732FDD32231F94700343B1A /* NSCacheImgae */ = {
			isa = PBXGroup;
			children = (
				9732FDD42231F94700343B1A /* AppDelegate.swift */,
				9732FDD62231F94700343B1A /* ViewController.swift */,
				9732FDE62231FE5900343B1A /* ViewController1.swift */,
				9732FDE82232026600343B1A /* ViewController2.swift */,
				973E4D292232543E00CA775D /* ViewController3.swift */,
				97AA3C1B22389B660008FDE3 /* ViewController4.swift */,
				9732FDD82231F94700343B1A /* Main.storyboard */,
				97792C2B22390E55001470B3 /* ViewController5.swift */,
				9732FDDB2231F94800343B1A /* Assets.xcassets */,
				9732FDDD2231F94800343B1A /* LaunchScreen.storyboard */,
				9732FDE02231F94800343B1A /* Info.plist */,
			);
			path = NSCacheImgae;
			sourceTree = "<group>";
		};
/* End PBXGroup section */

/* Begin PBXNativeTarget section */
		9732FDD02231F94700343B1A /* NSCacheImgae */ = {
			isa = PBXNativeTarget;
			buildConfigurationList = 9732FDE32231F94800343B1A /* Build configuration list for PBXNativeTarget "NSCacheImgae" */;
			buildPhases = (
				9732FDCD2231F94700343B1A /* Sources */,
				9732FDCE2231F94700343B1A /* Frameworks */,
				9732FDCF2231F94700343B1A /* Resources */,
			);
			buildRules = (
			);
			dependencies = (
			);
			name = NSCacheImgae;
			productName = NSCacheImgae;
			productReference = 9732FDD12231F94700343B1A /* NSCacheImgae.app */;
			productType = "com.apple.product-type.application";
		};
/* End PBXNativeTarget section */

/* Begin PBXProject section */
		9732FDC92231F94700343B1A /* Project object */ = {
			isa = PBXProject;
			attributes = {
				LastSwiftUpdateCheck = 0940;
				LastUpgradeCheck = 0940;
				ORGANIZATIONNAME = "Vũ";
				TargetAttributes = {
					9732FDD02231F94700343B1A = {
						CreatedOnToolsVersion = 9.4.1;
					};
				};
			};
			buildConfigurationList = 9732FDCC2231F94700343B1A /* Build configuration list for PBXProject "NSCacheImgae" */;
			compatibilityVersion = "Xcode 9.3";
			developmentRegion = en;
			hasScannedForEncodings = 0;
			knownRegions = (
				en,
				Base,
			);
			mainGroup = 9732FDC82231F94700343B1A;
			productRefGroup = 9732FDD22231F94700343B1A /* Products */;
			projectDirPath = "";
			projectRoot = "";
			targets = (
				9732FDD02231F94700343B1A /* NSCacheImgae */,
			);
		};
/* End PBXProject section */

/* Begin PBXResourcesBuildPhase section */
		9732FDCF2231F94700343B1A /* Resources */ = {
			isa = PBXResourcesBuildPhase;
			buildActionMask = 2147483647;
			files = (
				9732FDDF2231F94800343B1A /* LaunchScreen.storyboard in Resources */,
				9732FDDC2231F94800343B1A /* Assets.xcassets in Resources */,
				9732FDDA2231F94700343B1A /* Main.storyboard in Resources */,
			);
			runOnlyForDeploymentPostprocessing = 0;
		};
/* End PBXResourcesBuildPhase section */

/* Begin PBXSourcesBuildPhase section */
		9732FDCD2231F94700343B1A /* Sources */ = {
			isa = PBXSourcesBuildPhase;
			buildActionMask = 2147483647;
			files = (
				973E4D2A2232543E00CA775D /* ViewController3.swift in Sources */,
				97AA3C1C22389B660008FDE3 /* ViewController4.swift in Sources */,
				9732FDE72231FE5900343B1A /* ViewController1.swift in Sources */,
				9732FDE92232026600343B1A /* ViewController2.swift in Sources */,
				9732FDD72231F94700343B1A /* ViewController.swift in Sources */,
				9732FDD52231F94700343B1A /* AppDelegate.swift in Sources */,
				97792C2C22390E55001470B3 /* ViewController5.swift in Sources */,
			);
			runOnlyForDeploymentPostprocessing = 0;
		};
/* End PBXSourcesBuildPhase section */

/* Begin PBXVariantGroup section */
		9732FDD82231F94700343B1A /* Main.storyboard */ = {
			isa = PBXVariantGroup;
			children = (
				9732FDD92231F94700343B1A /* Base */,
			);
			name = Main.storyboard;
			sourceTree = "<group>";
		};
		9732FDDD2231F94800343B1A /* LaunchScreen.storyboard */ = {
			isa = PBXVariantGroup;
			children = (
				9732FDDE2231F94800343B1A /* Base */,
			);
			name = LaunchScreen.storyboard;
			sourceTree = "<group>";
		};
/* End PBXVariantGroup section */

/* Begin XCBuildConfiguration section */
		9732FDE12231F94800343B1A /* Debug */ = {
			isa = XCBuildConfiguration;
			buildSettings = {
				ALWAYS_SEARCH_USER_PATHS = NO;
				CLANG_ANALYZER_NONNULL = YES;
				CLANG_ANALYZER_NUMBER_OBJECT_CONVERSION = YES_AGGRESSIVE;
				CLANG_CXX_LANGUAGE_STANDARD = "gnu++14";
				CLANG_CXX_LIBRARY = "libc++";
				CLANG_ENABLE_MODULES = YES;
				CLANG_ENABLE_OBJC_ARC = YES;
				CLANG_ENABLE_OBJC_WEAK = YES;
				CLANG_WARN_BLOCK_CAPTURE_AUTORELEASING = YES;
				CLANG_WARN_BOOL_CONVERSION = YES;
				CLANG_WARN_COMMA = YES;
				CLANG_WARN_CONSTANT_CONVERSION = YES;
				CLANG_WARN_DEPRECATED_OBJC_IMPLEMENTATIONS = YES;
				CLANG_WARN_DIRECT_OBJC_ISA_USAGE = YES_ERROR;
				CLANG_WARN_DOCUMENTATION_COMMENTS = YES;
				CLANG_WARN_EMPTY_BODY = YES;
				CLANG_WARN_ENUM_CONVERSION = YES;
				CLANG_WARN_INFINITE_RECURSION = YES;
				CLANG_WARN_INT_CONVERSION = YES;
				CLANG_WARN_NON_LITERAL_NULL_CONVERSION = YES;
				CLANG_WARN_OBJC_IMPLICIT_RETAIN_SELF = YES;
				CLANG_WARN_OBJC_LITERAL_CONVERSION = YES;
				CLANG_WARN_OBJC_ROOT_CLASS = YES_ERROR;
				CLANG_WARN_RANGE_LOOP_ANALYSIS = YES;
				CLANG_WARN_STRICT_PROTOTYPES = YES;
				CLANG_WARN_SUSPICIOUS_MOVE = YES;
				CLANG_WARN_UNGUARDED_AVAILABILITY = YES_AGGRESSIVE;
				CLANG_WARN_UNREACHABLE_CODE = YES;
				CLANG_WARN__DUPLICATE_METHOD_MATCH = YES;
				CODE_SIGN_IDENTITY = "iPhone Developer";
				COPY_PHASE_STRIP = NO;
				DEBUG_INFORMATION_FORMAT = dwarf;
				ENABLE_STRICT_OBJC_MSGSEND = YES;
				ENABLE_TESTABILITY = YES;
				GCC_C_LANGUAGE_STANDARD = gnu11;
				GCC_DYNAMIC_NO_PIC = NO;
				GCC_NO_COMMON_BLOCKS = YES;
				GCC_OPTIMIZATION_LEVEL = 0;
				GCC_PREPROCESSOR_DEFINITIONS = (
					"DEBUG=1",
					"$(inherited)",
				);
				GCC_WARN_64_TO_32_BIT_CONVERSION = YES;
				GCC_WARN_ABOUT_RETURN_TYPE = YES_ERROR;
				GCC_WARN_UNDECLARED_SELECTOR = YES;
				GCC_WARN_UNINITIALIZED_AUTOS = YES_AGGRESSIVE;
				GCC_WARN_UNUSED_FUNCTION = YES;
				GCC_WARN_UNUSED_VARIABLE = YES;
				IPHONEOS_DEPLOYMENT_TARGET = 11.4;
				MTL_ENABLE_DEBUG_INFO = YES;
				ONLY_ACTIVE_ARCH = YES;
				SDKROOT = iphoneos;
				SWIFT_ACTIVE_COMPILATION_CONDITIONS = DEBUG;
				SWIFT_OPTIMIZATION_LEVEL = "-Onone";
			};
			name = Debug;
		};
		9732FDE22231F94800343B1A /* Release */ = {
			isa = XCBuildConfiguration;
			buildSettings = {
				ALWAYS_SEARCH_USER_PATHS = NO;
				CLANG_ANALYZER_NONNULL = YES;
				CLANG_ANALYZER_NUMBER_OBJECT_CONVERSION = YES_AGGRESSIVE;
				CLANG_CXX_LANGUAGE_STANDARD = "gnu++14";
				CLANG_CXX_LIBRARY = "libc++";
				CLANG_ENABLE_MODULES = YES;
				CLANG_ENABLE_OBJC_ARC = YES;
				CLANG_ENABLE_OBJC_WEAK = YES;
				CLANG_WARN_BLOCK_CAPTURE_AUTORELEASING = YES;
				CLANG_WARN_BOOL_CONVERSION = YES;
				CLANG_WARN_COMMA = YES;
				CLANG_WARN_CONSTANT_CONVERSION = YES;
				CLANG_WARN_DEPRECATED_OBJC_IMPLEMENTATIONS = YES;
				CLANG_WARN_DIRECT_OBJC_ISA_USAGE = YES_ERROR;
				CLANG_WARN_DOCUMENTATION_COMMENTS = YES;
				CLANG_WARN_EMPTY_BODY = YES;
				CLANG_WARN_ENUM_CONVERSION = YES;
				CLANG_WARN_INFINITE_RECURSION = YES;
				CLANG_WARN_INT_CONVERSION = YES;
				CLANG_WARN_NON_LITERAL_NULL_CONVERSION = YES;
				CLANG_WARN_OBJC_IMPLICIT_RETAIN_SELF = YES;
				CLANG_WARN_OBJC_LITERAL_CONVERSION = YES;
				CLANG_WARN_OBJC_ROOT_CLASS = YES_ERROR;
				CLANG_WARN_RANGE_LOOP_ANALYSIS = YES;
				CLANG_WARN_STRICT_PROTOTYPES = YES;
				CLANG_WARN_SUSPICIOUS_MOVE = YES;
				CLANG_WARN_UNGUARDED_AVAILABILITY = YES_AGGRESSIVE;
				CLANG_WARN_UNREACHABLE_CODE = YES;
				CLANG_WARN__DUPLICATE_METHOD_MATCH = YES;
				CODE_SIGN_IDENTITY = "iPhone Developer";
				COPY_PHASE_STRIP = NO;
				DEBUG_INFORMATION_FORMAT = "dwarf-with-dsym";
				ENABLE_NS_ASSERTIONS = NO;
				ENABLE_STRICT_OBJC_MSGSEND = YES;
				GCC_C_LANGUAGE_STANDARD = gnu11;
				GCC_NO_COMMON_BLOCKS = YES;
				GCC_WARN_64_TO_32_BIT_CONVERSION = YES;
				GCC_WARN_ABOUT_RETURN_TYPE = YES_ERROR;
				GCC_WARN_UNDECLARED_SELECTOR = YES;
				GCC_WARN_UNINITIALIZED_AUTOS = YES_AGGRESSIVE;
				GCC_WARN_UNUSED_FUNCTION = YES;
				GCC_WARN_UNUSED_VARIABLE = YES;
				IPHONEOS_DEPLOYMENT_TARGET = 11.4;
				MTL_ENABLE_DEBUG_INFO = NO;
				SDKROOT = iphoneos;
				SWIFT_COMPILATION_MODE = wholemodule;
				SWIFT_OPTIMIZATION_LEVEL = "-O";
				VALIDATE_PRODUCT = YES;
			};
			name = Release;
		};
		9732FDE42231F94800343B1A /* Debug */ = {
			isa = XCBuildConfiguration;
			buildSettings = {
				ASSETCATALOG_COMPILER_APPICON_NAME = AppIcon;
				CODE_SIGN_STYLE = Automatic;
				INFOPLIST_FILE = NSCacheImgae/Info.plist;
				LD_RUNPATH_SEARCH_PATHS = (
					"$(inherited)",
					"@executable_path/Frameworks",
				);
				PRODUCT_BUNDLE_IDENTIFIER = "-.NSCacheImgae";
				PRODUCT_NAME = "$(TARGET_NAME)";
				SWIFT_VERSION = 4.0;
				TARGETED_DEVICE_FAMILY = "1,2";
			};
			name = Debug;
		};
		9732FDE52231F94800343B1A /* Release */ = {
			isa = XCBuildConfiguration;
			buildSettings = {
				ASSETCATALOG_COMPILER_APPICON_NAME = AppIcon;
				CODE_SIGN_STYLE = Automatic;
				INFOPLIST_FILE = NSCacheImgae/Info.plist;
				LD_RUNPATH_SEARCH_PATHS = (
					"$(inherited)",
					"@executable_path/Frameworks",
				);
				PRODUCT_BUNDLE_IDENTIFIER = "-.NSCacheImgae";
				PRODUCT_NAME = "$(TARGET_NAME)";
				SWIFT_VERSION = 4.0;
				TARGETED_DEVICE_FAMILY = "1,2";
			};
			name = Release;
		};
/* End XCBuildConfiguration section */

/* Begin XCConfigurationList section */
		9732FDCC2231F94700343B1A /* Build configuration list for PBXProject "NSCacheImgae" */ = {
			isa = XCConfigurationList;
			buildConfigurations = (
				9732FDE12231F94800343B1A /* Debug */,
				9732FDE22231F94800343B1A /* Release */,
			);
			defaultConfigurationIsVisible = 0;
			defaultConfigurationName = Release;
		};
		9732FDE32231F94800343B1A /* Build configuration list for PBXNativeTarget "NSCacheImgae" */ = {
			isa = XCConfigurationList;
			buildConfigurations = (
				9732FDE42231F94800343B1A /* Debug */,
				9732FDE52231F94800343B1A /* Release */,
			);
			defaultConfigurationIsVisible = 0;
			defaultConfigurationName = Release;
		};
/* End XCConfigurationList section */
	};
	rootObject = 9732FDC92231F94700343B1A /* Project object */;
}
